// !$*UTF8*$!
{
	archiveVersion = 1;
	classes = {
	};
	objectVersion = 46;
	objects = {

/* Begin PBXBuildFile section */
		7743CF0C1C534BC900F80BBD /* AppDelegate.swift in Sources */ = {isa = PBXBuildFile; fileRef = 7743CF0B1C534BC900F80BBD /* AppDelegate.swift */; };
		7743CF0E1C534BC900F80BBD /* ViewController.swift in Sources */ = {isa = PBXBuildFile; fileRef = 7743CF0D1C534BC900F80BBD /* ViewController.swift */; };
		7743CF111C534BC900F80BBD /* Main.storyboard in Resources */ = {isa = PBXBuildFile; fileRef = 7743CF0F1C534BC900F80BBD /* Main.storyboard */; };
		7743CF131C534BC900F80BBD /* Assets.xcassets in Resources */ = {isa = PBXBuildFile; fileRef = 7743CF121C534BC900F80BBD /* Assets.xcassets */; };
		7743CF161C534BC900F80BBD /* LaunchScreen.storyboard in Resources */ = {isa = PBXBuildFile; fileRef = 7743CF141C534BC900F80BBD /* LaunchScreen.storyboard */; };
		7743CF211C534BC900F80BBD /* swiftwithocTests.swift in Sources */ = {isa = PBXBuildFile; fileRef = 7743CF201C534BC900F80BBD /* swiftwithocTests.swift */; };
		7743CF2C1C534BCA00F80BBD /* swiftwithocUITests.swift in Sources */ = {isa = PBXBuildFile; fileRef = 7743CF2B1C534BCA00F80BBD /* swiftwithocUITests.swift */; };
		7743CF3C1C534E2300F80BBD /* NSPrintLog.m in Sources */ = {isa = PBXBuildFile; fileRef = 7743CF3B1C534E2300F80BBD /* NSPrintLog.m */; };
/* End PBXBuildFile section */

/* Begin PBXContainerItemProxy section */
		7743CF1D1C534BC900F80BBD /* PBXContainerItemProxy */ = {
			isa = PBXContainerItemProxy;
			containerPortal = 7743CF001C534BC900F80BBD /* Project object */;
			proxyType = 1;
			remoteGlobalIDString = 7743CF071C534BC900F80BBD;
			remoteInfo = swiftwithoc;
		};
		7743CF281C534BCA00F80BBD /* PBXContainerItemProxy */ = {
			isa = PBXContainerItemProxy;
			containerPortal = 7743CF001C534BC900F80BBD /* Project object */;
			proxyType = 1;
			remoteGlobalIDString = 7743CF071C534BC900F80BBD;
			remoteInfo = swiftwithoc;
		};
/* End PBXContainerItemProxy section */

/* Begin PBXFileReference section */
		7743CF081C534BC900F80BBD /* swiftwithoc.app */ = {isa = PBXFileReference; explicitFileType = wrapper.application; includeInIndex = 0; path = swiftwithoc.app; sourceTree = BUILT_PRODUCTS_DIR; };
		7743CF0B1C534BC900F80BBD /* AppDelegate.swift */ = {isa = PBXFileReference; lastKnownFileType = sourcecode.swift; path = AppDelegate.swift; sourceTree = "<group>"; };
		7743CF0D1C534BC900F80BBD /* ViewController.swift */ = {isa = PBXFileReference; lastKnownFileType = sourcecode.swift; path = ViewController.swift; sourceTree = "<group>"; };
		7743CF101C534BC900F80BBD /* Base */ = {isa = PBXFileReference; lastKnownFileType = file.storyboard; name = Base; path = Base.lproj/Main.storyboard; sourceTree = "<group>"; };
		7743CF121C534BC900F80BBD /* Assets.xcassets */ = {isa = PBXFileReference; lastKnownFileType = folder.assetcatalog; path = Assets.xcassets; sourceTree = "<group>"; };
		7743CF151C534BC900F80BBD /* Base */ = {isa = PBXFileReference; lastKnownFileType = file.storyboard; name = Base; path = Base.lproj/LaunchScreen.storyboard; sourceTree = "<group>"; };
		7743CF171C534BC900F80BBD /* Info.plist */ = {isa = PBXFileReference; lastKnownFileType = text.plist.xml; path = Info.plist; sourceTree = "<group>"; };
		7743CF1C1C534BC900F80BBD /* swiftwithocTests.xctest */ = {isa = PBXFileReference; explicitFileType = wrapper.cfbundle; includeInIndex = 0; path = swiftwithocTests.xctest; sourceTree = BUILT_PRODUCTS_DIR; };
		7743CF201C534BC900F80BBD /* swiftwithocTests.swift */ = {isa = PBXFileReference; lastKnownFileType = sourcecode.swift; path = swiftwithocTests.swift; sourceTree = "<group>"; };
		7743CF221C534BC900F80BBD /* Info.plist */ = {isa = PBXFileReference; lastKnownFileType = text.plist.xml; path = Info.plist; sourceTree = "<group>"; };
		7743CF271C534BCA00F80BBD /* swiftwithocUITests.xctest */ = {isa = PBXFileReference; explicitFileType = wrapper.cfbundle; includeInIndex = 0; path = swiftwithocUITests.xctest; sourceTree = BUILT_PRODUCTS_DIR; };
		7743CF2B1C534BCA00F80BBD /* swiftwithocUITests.swift */ = {isa = PBXFileReference; lastKnownFileType = sourcecode.swift; path = swiftwithocUITests.swift; sourceTree = "<group>"; };
		7743CF2D1C534BCA00F80BBD /* Info.plist */ = {isa = PBXFileReference; lastKnownFileType = text.plist.xml; path = Info.plist; sourceTree = "<group>"; };
		7743CF391C534E2300F80BBD /* swiftwithoc-Bridging-Header.h */ = {isa = PBXFileReference; lastKnownFileType = sourcecode.c.h; path = "swiftwithoc-Bridging-Header.h"; sourceTree = "<group>"; };
		7743CF3A1C534E2300F80BBD /* NSPrintLog.h */ = {isa = PBXFileReference; fileEncoding = 4; lastKnownFileType = sourcecode.c.h; path = NSPrintLog.h; sourceTree = "<group>"; };
		7743CF3B1C534E2300F80BBD /* NSPrintLog.m */ = {isa = PBXFileReference; fileEncoding = 4; lastKnownFileType = sourcecode.c.objc; path = NSPrintLog.m; sourceTree = "<group>"; };
/* End PBXFileReference section */

/* Begin PBXFrameworksBuildPhase section */
		7743CF051C534BC900F80BBD /* Frameworks */ = {
			isa = PBXFrameworksBuildPhase;
			buildActionMask = 2147483647;
			files = (
			);
			runOnlyForDeploymentPostprocessing = 0;
		};
		7743CF191C534BC900F80BBD /* Frameworks */ = {
			isa = PBXFrameworksBuildPhase;
			buildActionMask = 2147483647;
			files = (
			);
			runOnlyForDeploymentPostprocessing = 0;
		};
		7743CF241C534BCA00F80BBD /* Frameworks */ = {
			isa = PBXFrameworksBuildPhase;
			buildActionMask = 2147483647;
			files = (
			);
			runOnlyForDeploymentPostprocessing = 0;
		};
/* End PBXFrameworksBuildPhase section */

/* Begin PBXGroup section */
		7743CEFF1C534BC900F80BBD = {
			isa = PBXGroup;
			children = (
				7743CF0A1C534BC900F80BBD /* swiftwithoc */,
				7743CF1F1C534BC900F80BBD /* swiftwithocTests */,
				7743CF2A1C534BCA00F80BBD /* swiftwithocUITests */,
				7743CF091C534BC900F80BBD /* Products */,
			);
			sourceTree = "<group>";
		};
		7743CF091C534BC900F80BBD /* Products */ = {
			isa = PBXGroup;
			children = (
				7743CF081C534BC900F80BBD /* swiftwithoc.app */,
				7743CF1C1C534BC900F80BBD /* swiftwithocTests.xctest */,
				7743CF271C534BCA00F80BBD /* swiftwithocUITests.xctest */,
			);
			name = Products;
			sourceTree = "<group>";
		};
		7743CF0A1C534BC900F80BBD /* swiftwithoc */ = {
			isa = PBXGroup;
			children = (
				7743CF0B1C534BC900F80BBD /* AppDelegate.swift */,
				7743CF0D1C534BC900F80BBD /* ViewController.swift */,
				7743CF0F1C534BC900F80BBD /* Main.storyboard */,
				7743CF121C534BC900F80BBD /* Assets.xcassets */,
				7743CF141C534BC900F80BBD /* LaunchScreen.storyboard */,
				7743CF171C534BC900F80BBD /* Info.plist */,
				7743CF3A1C534E2300F80BBD /* NSPrintLog.h */,
				7743CF3B1C534E2300F80BBD /* NSPrintLog.m */,
				7743CF391C534E2300F80BBD /* swiftwithoc-Bridging-Header.h */,
			);
			path = swiftwithoc;
			sourceTree = "<group>";
		};
		7743CF1F1C534BC900F80BBD /* swiftwithocTests */ = {
			isa = PBXGroup;
			children = (
				7743CF201C534BC900F80BBD /* swiftwithocTests.swift */,
				7743CF221C534BC900F80BBD /* Info.plist */,
			);
			path = swiftwithocTests;
			sourceTree = "<group>";
		};
		7743CF2A1C534BCA00F80BBD /* swiftwithocUITests */ = {
			isa = PBXGroup;
			children = (
				7743CF2B1C534BCA00F80BBD /* swiftwithocUITests.swift */,
				7743CF2D1C534BCA00F80BBD /* Info.plist */,
			);
			path = swiftwithocUITests;
			sourceTree = "<group>";
		};
/* End PBXGroup section */

/* Begin PBXNativeTarget section */
		7743CF071C534BC900F80BBD /* swiftwithoc */ = {
			isa = PBXNativeTarget;
			buildConfigurationList = 7743CF301C534BCA00F80BBD /* Build configuration list for PBXNativeTarget "swiftwithoc" */;
			buildPhases = (
				7743CF041C534BC900F80BBD /* Sources */,
				7743CF051C534BC900F80BBD /* Frameworks */,
				7743CF061C534BC900F80BBD /* Resources */,
			);
			buildRules = (
			);
			dependencies = (
			);
			name = swiftwithoc;
			productName = swiftwithoc;
			productReference = 7743CF081C534BC900F80BBD /* swiftwithoc.app */;
			productType = "com.apple.product-type.application";
		};
		7743CF1B1C534BC900F80BBD /* swiftwithocTests */ = {
			isa = PBXNativeTarget;
			buildConfigurationList = 7743CF331C534BCA00F80BBD /* Build configuration list for PBXNativeTarget "swiftwithocTests" */;
			buildPhases = (
				7743CF181C534BC900F80BBD /* Sources */,
				7743CF191C534BC900F80BBD /* Frameworks */,
				7743CF1A1C534BC900F80BBD /* Resources */,
			);
			buildRules = (
			);
			dependencies = (
				7743CF1E1C534BC900F80BBD /* PBXTargetDependency */,
			);
			name = swiftwithocTests;
			productName = swiftwithocTests;
			productReference = 7743CF1C1C534BC900F80BBD /* swiftwithocTests.xctest */;
			productType = "com.apple.product-type.bundle.unit-test";
		};
		7743CF261C534BCA00F80BBD /* swiftwithocUITests */ = {
			isa = PBXNativeTarget;
			buildConfigurationList = 7743CF361C534BCA00F80BBD /* Build configuration list for PBXNativeTarget "swiftwithocUITests" */;
			buildPhases = (
				7743CF231C534BCA00F80BBD /* Sources */,
				7743CF241C534BCA00F80BBD /* Frameworks */,
				7743CF251C534BCA00F80BBD /* Resources */,
			);
			buildRules = (
			);
			dependencies = (
				7743CF291C534BCA00F80BBD /* PBXTargetDependency */,
			);
			name = swiftwithocUITests;
			productName = swiftwithocUITests;
			productReference = 7743CF271C534BCA00F80BBD /* swiftwithocUITests.xctest */;
			productType = "com.apple.product-type.bundle.ui-testing";
		};
/* End PBXNativeTarget section */

/* Begin PBXProject section */
		7743CF001C534BC900F80BBD /* Project object */ = {
			isa = PBXProject;
			attributes = {
				LastSwiftUpdateCheck = 0720;
				LastUpgradeCheck = 0720;
				ORGANIZATIONNAME = lingyfh;
				TargetAttributes = {
					7743CF071C534BC900F80BBD = {
						CreatedOnToolsVersion = 7.2;
					};
					7743CF1B1C534BC900F80BBD = {
						CreatedOnToolsVersion = 7.2;
						TestTargetID = 7743CF071C534BC900F80BBD;
					};
					7743CF261C534BCA00F80BBD = {
						CreatedOnToolsVersion = 7.2;
						TestTargetID = 7743CF071C534BC900F80BBD;
					};
				};
			};
			buildConfigurationList = 7743CF031C534BC900F80BBD /* Build configuration list for PBXProject "swiftwithoc" */;
			compatibilityVersion = "Xcode 3.2";
			developmentRegion = English;
			hasScannedForEncodings = 0;
			knownRegions = (
				en,
				Base,
			);
			mainGroup = 7743CEFF1C534BC900F80BBD;
			productRefGroup = 7743CF091C534BC900F80BBD /* Products */;
			projectDirPath = "";
			projectRoot = "";
			targets = (
				7743CF071C534BC900F80BBD /* swiftwithoc */,
				7743CF1B1C534BC900F80BBD /* swiftwithocTests */,
				7743CF261C534BCA00F80BBD /* swiftwithocUITests */,
			);
		};
/* End PBXProject section */

/* Begin PBXResourcesBuildPhase section */
		7743CF061C534BC900F80BBD /* Resources */ = {
			isa = PBXResourcesBuildPhase;
			buildActionMask = 2147483647;
			files = (
				7743CF161C534BC900F80BBD /* LaunchScreen.storyboard in Resources */,
				7743CF131C534BC900F80BBD /* Assets.xcassets in Resources */,
				7743CF111C534BC900F80BBD /* Main.storyboard in Resources */,
			);
			runOnlyForDeploymentPostprocessing = 0;
		};
		7743CF1A1C534BC900F80BBD /* Resources */ = {
			isa = PBXResourcesBuildPhase;
			buildActionMask = 2147483647;
			files = (
			);
			runOnlyForDeploymentPostprocessing = 0;
		};
		7743CF251C534BCA00F80BBD /* Resources */ = {
			isa = PBXResourcesBuildPhase;
			buildActionMask = 2147483647;
			files = (
			);
			runOnlyForDeploymentPostprocessing = 0;
		};
/* End PBXResourcesBuildPhase section */

/* Begin PBXSourcesBuildPhase section */
		7743CF041C534BC900F80BBD /* Sources */ = {
			isa = PBXSourcesBuildPhase;
			buildActionMask = 2147483647;
			files = (
				7743CF3C1C534E2300F80BBD /* NSPrintLog.m in Sources */,
				7743CF0E1C534BC900F80BBD /* ViewController.swift in Sources */,
				7743CF0C1C534BC900F80BBD /* AppDelegate.swift in Sources */,
			);
			runOnlyForDeploymentPostprocessing = 0;
		};
		7743CF181C534BC900F80BBD /* Sources */ = {
			isa = PBXSourcesBuildPhase;
			buildActionMask = 2147483647;
			files = (
				7743CF211C534BC900F80BBD /* swiftwithocTests.swift in Sources */,
			);
			runOnlyForDeploymentPostprocessing = 0;
		};
		7743CF231C534BCA00F80BBD /* Sources */ = {
			isa = PBXSourcesBuildPhase;
			buildActionMask = 2147483647;
			files = (
				7743CF2C1C534BCA00F80BBD /* swiftwithocUITests.swift in Sources */,
			);
			runOnlyForDeploymentPostprocessing = 0;
		};
/* End PBXSourcesBuildPhase section */

/* Begin PBXTargetDependency section */
		7743CF1E1C534BC900F80BBD /* PBXTargetDependency */ = {
			isa = PBXTargetDependency;
			target = 7743CF071C534BC900F80BBD /* swiftwithoc */;
			targetProxy = 7743CF1D1C534BC900F80BBD /* PBXContainerItemProxy */;
		};
		7743CF291C534BCA00F80BBD /* PBXTargetDependency */ = {
			isa = PBXTargetDependency;
			target = 7743CF071C534BC900F80BBD /* swiftwithoc */;
			targetProxy = 7743CF281C534BCA00F80BBD /* PBXContainerItemProxy */;
		};
/* End PBXTargetDependency section */

/* Begin PBXVariantGroup section */
		7743CF0F1C534BC900F80BBD /* Main.storyboard */ = {
			isa = PBXVariantGroup;
			children = (
				7743CF101C534BC900F80BBD /* Base */,
			);
			name = Main.storyboard;
			sourceTree = "<group>";
		};
		7743CF141C534BC900F80BBD /* LaunchScreen.storyboard */ = {
			isa = PBXVariantGroup;
			children = (
				7743CF151C534BC900F80BBD /* Base */,
			);
			name = LaunchScreen.storyboard;
			sourceTree = "<group>";
		};
/* End PBXVariantGroup section */

/* Begin XCBuildConfiguration section */
		7743CF2E1C534BCA00F80BBD /* Debug */ = {
			isa = XCBuildConfiguration;
			buildSettings = {
				ALWAYS_SEARCH_USER_PATHS = NO;
				CLANG_CXX_LANGUAGE_STANDARD = "gnu++0x";
				CLANG_CXX_LIBRARY = "libc++";
				CLANG_ENABLE_MODULES = YES;
				CLANG_ENABLE_OBJC_ARC = YES;
				CLANG_WARN_BOOL_CONVERSION = YES;
				CLANG_WARN_CONSTANT_CONVERSION = YES;
				CLANG_WARN_DIRECT_OBJC_ISA_USAGE = YES_ERROR;
				CLANG_WARN_EMPTY_BODY = YES;
				CLANG_WARN_ENUM_CONVERSION = YES;
				CLANG_WARN_INT_CONVERSION = YES;
				CLANG_WARN_OBJC_ROOT_CLASS = YES_ERROR;
				CLANG_WARN_UNREACHABLE_CODE = YES;
				CLANG_WARN__DUPLICATE_METHOD_MATCH = YES;
				"CODE_SIGN_IDENTITY[sdk=iphoneos*]" = "iPhone Developer";
				COPY_PHASE_STRIP = NO;
				DEBUG_INFORMATION_FORMAT = dwarf;
				ENABLE_STRICT_OBJC_MSGSEND = YES;
				ENABLE_TESTABILITY = YES;
				GCC_C_LANGUAGE_STANDARD = gnu99;
				GCC_DYNAMIC_NO_PIC = NO;
				GCC_NO_COMMON_BLOCKS = YES;
				GCC_OPTIMIZATION_LEVEL = 0;
				GCC_PREPROCESSOR_DEFINITIONS = (
					"DEBUG=1",
					"$(inherited)",
				);
				GCC_WARN_64_TO_32_BIT_CONVERSION = YES;
				GCC_WARN_ABOUT_RETURN_TYPE = YES_ERROR;
				GCC_WARN_UNDECLARED_SELECTOR = YES;
				GCC_WARN_UNINITIALIZED_AUTOS = YES_AGGRESSIVE;
				GCC_WARN_UNUSED_FUNCTION = YES;
				GCC_WARN_UNUSED_VARIABLE = YES;
				IPHONEOS_DEPLOYMENT_TARGET = 9.2;
				MTL_ENABLE_DEBUG_INFO = YES;
				ONLY_ACTIVE_ARCH = YES;
				SDKROOT = iphoneos;
				SWIFT_OPTIMIZATION_LEVEL = "-Onone";
			};
			name = Debug;
		};
		7743CF2F1C534BCA00F80BBD /* Release */ = {
			isa = XCBuildConfiguration;
			buildSettings = {
				ALWAYS_SEARCH_USER_PATHS = NO;
				CLANG_CXX_LANGUAGE_STANDARD = "gnu++0x";
				CLANG_CXX_LIBRARY = "libc++";
				CLANG_ENABLE_MODULES = YES;
				CLANG_ENABLE_OBJC_ARC = YES;
				CLANG_WARN_BOOL_CONVERSION = YES;
				CLANG_WARN_CONSTANT_CONVERSION = YES;
				CLANG_WARN_DIRECT_OBJC_ISA_USAGE = YES_ERROR;
				CLANG_WARN_EMPTY_BODY = YES;
				CLANG_WARN_ENUM_CONVERSION = YES;
				CLANG_WARN_INT_CONVERSION = YES;
				CLANG_WARN_OBJC_ROOT_CLASS = YES_ERROR;
				CLANG_WARN_UNREACHABLE_CODE = YES;
				CLANG_WARN__DUPLICATE_METHOD_MATCH = YES;
				"CODE_SIGN_IDENTITY[sdk=iphoneos*]" = "iPhone Developer";
				COPY_PHASE_STRIP = NO;
				DEBUG_INFORMATION_FORMAT = "dwarf-with-dsym";
				ENABLE_NS_ASSERTIONS = NO;
				ENABLE_STRICT_OBJC_MSGSEND = YES;
				GCC_C_LANGUAGE_STANDARD = gnu99;
				GCC_NO_COMMON_BLOCKS = YES;
				GCC_WARN_64_TO_32_BIT_CONVERSION = YES;
				GCC_WARN_ABOUT_RETURN_TYPE = YES_ERROR;
				GCC_WARN_UNDECLARED_SELECTOR = YES;
				GCC_WARN_UNINITIALIZED_AUTOS = YES_AGGRESSIVE;
				GCC_WARN_UNUSED_FUNCTION = YES;
				GCC_WARN_UNUSED_VARIABLE = YES;
				IPHONEOS_DEPLOYMENT_TARGET = 9.2;
				MTL_ENABLE_DEBUG_INFO = NO;
				SDKROOT = iphoneos;
				VALIDATE_PRODUCT = YES;
			};
			name = Release;
		};
		7743CF311C534BCA00F80BBD /* Debug */ = {
			isa = XCBuildConfiguration;
			buildSettings = {
				ASSETCATALOG_COMPILER_APPICON_NAME = AppIcon;
				CLANG_ENABLE_MODULES = YES;
				INFOPLIST_FILE = swiftwithoc/Info.plist;
				LD_RUNPATH_SEARCH_PATHS = "$(inherited) @executable_path/Frameworks";
				PRODUCT_BUNDLE_IDENTIFIER = com.swift.swiftwithoc;
				PRODUCT_NAME = "$(TARGET_NAME)";
				SWIFT_OBJC_BRIDGING_HEADER = "swiftwithoc/swiftwithoc-Bridging-Header.h";
				SWIFT_OPTIMIZATION_LEVEL = "-Onone";
			};
			name = Debug;
		};
		7743CF321C534BCA00F80BBD /* Release */ = {
			isa = XCBuildConfiguration;
			buildSettings = {
				ASSETCATALOG_COMPILER_APPICON_NAME = AppIcon;
				CLANG_ENABLE_MODULES = YES;
				INFOPLIST_FILE = swiftwithoc/Info.plist;
				LD_RUNPATH_SEARCH_PATHS = "$(inherited) @executable_path/Frameworks";
				PRODUCT_BUNDLE_IDENTIFIER = com.swift.swiftwithoc;
				PRODUCT_NAME = "$(TARGET_NAME)";
				SWIFT_OBJC_BRIDGING_HEADER = "swiftwithoc/swiftwithoc-Bridging-Header.h";
			};
			name = Release;
		};
		7743CF341C534BCA00F80BBD /* Debug */ = {
			isa = XCBuildConfiguration;
			buildSettings = {
				BUNDLE_LOADER = "$(TEST_HOST)";
				INFOPLIST_FILE = swiftwithocTests/Info.plist;
				LD_RUNPATH_SEARCH_PATHS = "$(inherited) @executable_path/Frameworks @loader_path/Frameworks";
				PRODUCT_BUNDLE_IDENTIFIER = com.swift.swiftwithocTests;
				PRODUCT_NAME = "$(TARGET_NAME)";
				TEST_HOST = "$(BUILT_PRODUCTS_DIR)/swiftwithoc.app/swiftwithoc";
			};
			name = Debug;
		};
		7743CF351C534BCA00F80BBD /* Release */ = {
			isa = XCBuildConfiguration;
			buildSettings = {
				BUNDLE_LOADER = "$(TEST_HOST)";
				INFOPLIST_FILE = swiftwithocTests/Info.plist;
				LD_RUNPATH_SEARCH_PATHS = "$(inherited) @executable_path/Frameworks @loader_path/Frameworks";
				PRODUCT_BUNDLE_IDENTIFIER = com.swift.swiftwithocTests;
				PRODUCT_NAME = "$(TARGET_NAME)";
				TEST_HOST = "$(BUILT_PRODUCTS_DIR)/swiftwithoc.app/swiftwithoc";
			};
			name = Release;
		};
		7743CF371C534BCA00F80BBD /* Debug */ = {
			isa = XCBuildConfiguration;
			buildSettings = {
				INFOPLIST_FILE = swiftwithocUITests/Info.plist;
				LD_RUNPATH_SEARCH_PATHS = "$(inherited) @executable_path/Frameworks @loader_path/Frameworks";
				PRODUCT_BUNDLE_IDENTIFIER = com.swift.swiftwithocUITests;
				PRODUCT_NAME = "$(TARGET_NAME)";
				TEST_TARGET_NAME = swiftwithoc;
				USES_XCTRUNNER = YES;
			};
			name = Debug;
		};
		7743CF381C534BCA00F80BBD /* Release */ = {
			isa = XCBuildConfiguration;
			buildSettings = {
				INFOPLIST_FILE = swiftwithocUITests/Info.plist;
				LD_RUNPATH_SEARCH_PATHS = "$(inherited) @executable_path/Frameworks @loader_path/Frameworks";
				PRODUCT_BUNDLE_IDENTIFIER = com.swift.swiftwithocUITests;
				PRODUCT_NAME = "$(TARGET_NAME)";
				TEST_TARGET_NAME = swiftwithoc;
				USES_XCTRUNNER = YES;
			};
			name = Release;
		};
/* End XCBuildConfiguration section */

/* Begin XCConfigurationList section */
		7743CF031C534BC900F80BBD /* Build configuration list for PBXProject "swiftwithoc" */ = {
			isa = XCConfigurationList;
			buildConfigurations = (
				7743CF2E1C534BCA00F80BBD /* Debug */,
				7743CF2F1C534BCA00F80BBD /* Release */,
			);
			defaultConfigurationIsVisible = 0;
			defaultConfigurationName = Release;
		};
		7743CF301C534BCA00F80BBD /* Build configuration list for PBXNativeTarget "swiftwithoc" */ = {
			isa = XCConfigurationList;
			buildConfigurations = (
				7743CF311C534BCA00F80BBD /* Debug */,
				7743CF321C534BCA00F80BBD /* Release */,
			);
			defaultConfigurationIsVisible = 0;
		};
		7743CF331C534BCA00F80BBD /* Build configuration list for PBXNativeTarget "swiftwithocTests" */ = {
			isa = XCConfigurationList;
			buildConfigurations = (
				7743CF341C534BCA00F80BBD /* Debug */,
				7743CF351C534BCA00F80BBD /* Release */,
			);
			defaultConfigurationIsVisible = 0;
		};
		7743CF361C534BCA00F80BBD /* Build configuration list for PBXNativeTarget "swiftwithocUITests" */ = {
			isa = XCConfigurationList;
			buildConfigurations = (
				7743CF371C534BCA00F80BBD /* Debug */,
				7743CF381C534BCA00F80BBD /* Release */,
			);
			defaultConfigurationIsVisible = 0;
		};
/* End XCConfigurationList section */
	};
	rootObject = 7743CF001C534BC900F80BBD /* Project object */;
}
